// !$*UTF8*$!
{
	archiveVersion = 1;
	classes = {
	};
	objectVersion = 51;
	objects = {

/* Begin PBXBuildFile section */
		087D2BC8264198620089D5B0 /* AppDelegate.swift in Sources */ = {isa = PBXBuildFile; fileRef = 087D2BC7264198620089D5B0 /* AppDelegate.swift */; };
		087D2BCA264198620089D5B0 /* SceneDelegate.swift in Sources */ = {isa = PBXBuildFile; fileRef = 087D2BC9264198620089D5B0 /* SceneDelegate.swift */; };
		087D2BD1264198620089D5B0 /* Assets.xcassets in Resources */ = {isa = PBXBuildFile; fileRef = 087D2BD0264198620089D5B0 /* Assets.xcassets */; };
		087D2BD4264198620089D5B0 /* LaunchScreen.storyboard in Resources */ = {isa = PBXBuildFile; fileRef = 087D2BD2264198620089D5B0 /* LaunchScreen.storyboard */; };
		087D2BE4264198A70089D5B0 /* DramaListViewController.swift in Sources */ = {isa = PBXBuildFile; fileRef = 087D2BE2264198A70089D5B0 /* DramaListViewController.swift */; };
		087D2BE5264198A70089D5B0 /* DramaListViewController.xib in Resources */ = {isa = PBXBuildFile; fileRef = 087D2BE3264198A70089D5B0 /* DramaListViewController.xib */; };
		087D2BE8264198BB0089D5B0 /* DramaListViewModel.swift in Sources */ = {isa = PBXBuildFile; fileRef = 087D2BE7264198BB0089D5B0 /* DramaListViewModel.swift */; };
		089759542647D73C00E5CB3E /* String+Extension.swift in Sources */ = {isa = PBXBuildFile; fileRef = 089759532647D73C00E5CB3E /* String+Extension.swift */; };
		089759572647E56B00E5CB3E /* DramaDetailViewController.swift in Sources */ = {isa = PBXBuildFile; fileRef = 089759552647E56B00E5CB3E /* DramaDetailViewController.swift */; };
		089759582647E56B00E5CB3E /* DramaDetailViewController.xib in Resources */ = {isa = PBXBuildFile; fileRef = 089759562647E56B00E5CB3E /* DramaDetailViewController.xib */; };
		0897595A2647E57600E5CB3E /* DramaDetailViewModel.swift in Sources */ = {isa = PBXBuildFile; fileRef = 089759592647E57600E5CB3E /* DramaDetailViewModel.swift */; };
		0897595D2647E64B00E5CB3E /* DramaDetailHeaderTableViewCell.swift in Sources */ = {isa = PBXBuildFile; fileRef = 0897595B2647E64B00E5CB3E /* DramaDetailHeaderTableViewCell.swift */; };
		0897595E2647E64B00E5CB3E /* DramaDetailHeaderTableViewCell.xib in Resources */ = {isa = PBXBuildFile; fileRef = 0897595C2647E64B00E5CB3E /* DramaDetailHeaderTableViewCell.xib */; };
		089759602647EE2D00E5CB3E /* Int+Extension.swift in Sources */ = {isa = PBXBuildFile; fileRef = 0897595F2647EE2D00E5CB3E /* Int+Extension.swift */; };
		089759622647F21500E5CB3E /* DateFormatter+Extension.swift in Sources */ = {isa = PBXBuildFile; fileRef = 089759612647F21500E5CB3E /* DateFormatter+Extension.swift */; };
		089759642648315300E5CB3E /* BaseViewController.swift in Sources */ = {isa = PBXBuildFile; fileRef = 089759632648315300E5CB3E /* BaseViewController.swift */; };
		08AD9DE2264692DB0003138E /* Double+Extension.swift in Sources */ = {isa = PBXBuildFile; fileRef = 08AD9DE1264692DB0003138E /* Double+Extension.swift */; };
		08AD9DE726469AED0003138E /* Date+Extension.swift in Sources */ = {isa = PBXBuildFile; fileRef = 08AD9DE626469AED0003138E /* Date+Extension.swift */; };
		08E0CCDB26419CE500AB5A20 /* Drama.swift in Sources */ = {isa = PBXBuildFile; fileRef = 08E0CCDA26419CE500AB5A20 /* Drama.swift */; };
		08E0CCE226419EDE00AB5A20 /* DramaTableViewCell.swift in Sources */ = {isa = PBXBuildFile; fileRef = 08E0CCE026419EDE00AB5A20 /* DramaTableViewCell.swift */; };
		08E0CCE326419EDE00AB5A20 /* DramaTableViewCell.xib in Resources */ = {isa = PBXBuildFile; fileRef = 08E0CCE126419EDE00AB5A20 /* DramaTableViewCell.xib */; };
		08E0CCE626419EE800AB5A20 /* DramaTableViewCellViewModel.swift in Sources */ = {isa = PBXBuildFile; fileRef = 08E0CCE526419EE800AB5A20 /* DramaTableViewCellViewModel.swift */; };
		26683EC12A512365914DA98A /* Pods_DramaDemo.framework in Frameworks */ = {isa = PBXBuildFile; fileRef = D93B6D174C07897E89413A33 /* Pods_DramaDemo.framework */; };
/* End PBXBuildFile section */

/* Begin PBXFileReference section */
		087D2BC4264198620089D5B0 /* DramaDemo.app */ = {isa = PBXFileReference; explicitFileType = wrapper.application; includeInIndex = 0; path = DramaDemo.app; sourceTree = BUILT_PRODUCTS_DIR; };
		087D2BC7264198620089D5B0 /* AppDelegate.swift */ = {isa = PBXFileReference; lastKnownFileType = sourcecode.swift; path = AppDelegate.swift; sourceTree = "<group>"; };
		087D2BC9264198620089D5B0 /* SceneDelegate.swift */ = {isa = PBXFileReference; lastKnownFileType = sourcecode.swift; path = SceneDelegate.swift; sourceTree = "<group>"; };
		087D2BD0264198620089D5B0 /* Assets.xcassets */ = {isa = PBXFileReference; lastKnownFileType = folder.assetcatalog; path = Assets.xcassets; sourceTree = "<group>"; };
		087D2BD3264198620089D5B0 /* Base */ = {isa = PBXFileReference; lastKnownFileType = file.storyboard; name = Base; path = Base.lproj/LaunchScreen.storyboard; sourceTree = "<group>"; };
		087D2BD5264198620089D5B0 /* Info.plist */ = {isa = PBXFileReference; lastKnownFileType = text.plist.xml; path = Info.plist; sourceTree = "<group>"; };
		087D2BE2264198A70089D5B0 /* DramaListViewController.swift */ = {isa = PBXFileReference; lastKnownFileType = sourcecode.swift; path = DramaListViewController.swift; sourceTree = "<group>"; };
		087D2BE3264198A70089D5B0 /* DramaListViewController.xib */ = {isa = PBXFileReference; lastKnownFileType = file.xib; path = DramaListViewController.xib; sourceTree = "<group>"; };
		087D2BE7264198BB0089D5B0 /* DramaListViewModel.swift */ = {isa = PBXFileReference; lastKnownFileType = sourcecode.swift; path = DramaListViewModel.swift; sourceTree = "<group>"; };
		089759532647D73C00E5CB3E /* String+Extension.swift */ = {isa = PBXFileReference; lastKnownFileType = sourcecode.swift; path = "String+Extension.swift"; sourceTree = "<group>"; };
		089759552647E56B00E5CB3E /* DramaDetailViewController.swift */ = {isa = PBXFileReference; lastKnownFileType = sourcecode.swift; path = DramaDetailViewController.swift; sourceTree = "<group>"; };
		089759562647E56B00E5CB3E /* DramaDetailViewController.xib */ = {isa = PBXFileReference; lastKnownFileType = file.xib; path = DramaDetailViewController.xib; sourceTree = "<group>"; };
		089759592647E57600E5CB3E /* DramaDetailViewModel.swift */ = {isa = PBXFileReference; lastKnownFileType = sourcecode.swift; path = DramaDetailViewModel.swift; sourceTree = "<group>"; };
		0897595B2647E64B00E5CB3E /* DramaDetailHeaderTableViewCell.swift */ = {isa = PBXFileReference; lastKnownFileType = sourcecode.swift; path = DramaDetailHeaderTableViewCell.swift; sourceTree = "<group>"; };
		0897595C2647E64B00E5CB3E /* DramaDetailHeaderTableViewCell.xib */ = {isa = PBXFileReference; lastKnownFileType = file.xib; path = DramaDetailHeaderTableViewCell.xib; sourceTree = "<group>"; };
		0897595F2647EE2D00E5CB3E /* Int+Extension.swift */ = {isa = PBXFileReference; lastKnownFileType = sourcecode.swift; path = "Int+Extension.swift"; sourceTree = "<group>"; };
		089759612647F21500E5CB3E /* DateFormatter+Extension.swift */ = {isa = PBXFileReference; lastKnownFileType = sourcecode.swift; path = "DateFormatter+Extension.swift"; sourceTree = "<group>"; };
		089759632648315300E5CB3E /* BaseViewController.swift */ = {isa = PBXFileReference; lastKnownFileType = sourcecode.swift; path = BaseViewController.swift; sourceTree = "<group>"; };
		08AD9DE1264692DB0003138E /* Double+Extension.swift */ = {isa = PBXFileReference; lastKnownFileType = sourcecode.swift; path = "Double+Extension.swift"; sourceTree = "<group>"; };
		08AD9DE626469AED0003138E /* Date+Extension.swift */ = {isa = PBXFileReference; lastKnownFileType = sourcecode.swift; path = "Date+Extension.swift"; sourceTree = "<group>"; };
		08E0CCDA26419CE500AB5A20 /* Drama.swift */ = {isa = PBXFileReference; lastKnownFileType = sourcecode.swift; path = Drama.swift; sourceTree = "<group>"; };
		08E0CCE026419EDE00AB5A20 /* DramaTableViewCell.swift */ = {isa = PBXFileReference; lastKnownFileType = sourcecode.swift; path = DramaTableViewCell.swift; sourceTree = "<group>"; };
		08E0CCE126419EDE00AB5A20 /* DramaTableViewCell.xib */ = {isa = PBXFileReference; lastKnownFileType = file.xib; path = DramaTableViewCell.xib; sourceTree = "<group>"; };
		08E0CCE526419EE800AB5A20 /* DramaTableViewCellViewModel.swift */ = {isa = PBXFileReference; lastKnownFileType = sourcecode.swift; path = DramaTableViewCellViewModel.swift; sourceTree = "<group>"; };
		4DC10B0C16AFDBD4DB03DBF8 /* Pods-DramaDemo.debug.xcconfig */ = {isa = PBXFileReference; includeInIndex = 1; lastKnownFileType = text.xcconfig; name = "Pods-DramaDemo.debug.xcconfig"; path = "Target Support Files/Pods-DramaDemo/Pods-DramaDemo.debug.xcconfig"; sourceTree = "<group>"; };
		4FF4B5D60615410CA6924049 /* Pods-DramaDemo.release.xcconfig */ = {isa = PBXFileReference; includeInIndex = 1; lastKnownFileType = text.xcconfig; name = "Pods-DramaDemo.release.xcconfig"; path = "Target Support Files/Pods-DramaDemo/Pods-DramaDemo.release.xcconfig"; sourceTree = "<group>"; };
		D93B6D174C07897E89413A33 /* Pods_DramaDemo.framework */ = {isa = PBXFileReference; explicitFileType = wrapper.framework; includeInIndex = 0; path = Pods_DramaDemo.framework; sourceTree = BUILT_PRODUCTS_DIR; };
/* End PBXFileReference section */

/* Begin PBXFrameworksBuildPhase section */
		087D2BC1264198620089D5B0 /* Frameworks */ = {
			isa = PBXFrameworksBuildPhase;
			buildActionMask = 2147483647;
			files = (
				26683EC12A512365914DA98A /* Pods_DramaDemo.framework in Frameworks */,
			);
			runOnlyForDeploymentPostprocessing = 0;
		};
/* End PBXFrameworksBuildPhase section */

/* Begin PBXGroup section */
		087D2BBB264198620089D5B0 = {
			isa = PBXGroup;
			children = (
				087D2BC6264198620089D5B0 /* DramaDemo */,
				087D2BC5264198620089D5B0 /* Products */,
				4B665CA2E458F860AD21DD4B /* Pods */,
				FCA2A18587588E92DB26DF8D /* Frameworks */,
			);
			sourceTree = "<group>";
		};
		087D2BC5264198620089D5B0 /* Products */ = {
			isa = PBXGroup;
			children = (
				087D2BC4264198620089D5B0 /* DramaDemo.app */,
			);
			name = Products;
			sourceTree = "<group>";
		};
		087D2BC6264198620089D5B0 /* DramaDemo */ = {
			isa = PBXGroup;
			children = (
				087D2BC7264198620089D5B0 /* AppDelegate.swift */,
				087D2BC9264198620089D5B0 /* SceneDelegate.swift */,
				08AD9DE4264692DE0003138E /* Extensions */,
				08E0CCDD26419CF400AB5A20 /* Model */,
				08E0CCE826419EEE00AB5A20 /* Cell */,
				089759632648315300E5CB3E /* BaseViewController.swift */,
				087D2BE2264198A70089D5B0 /* DramaListViewController.swift */,
				087D2BE3264198A70089D5B0 /* DramaListViewController.xib */,
				087D2BE7264198BB0089D5B0 /* DramaListViewModel.swift */,
				089759552647E56B00E5CB3E /* DramaDetailViewController.swift */,
				089759562647E56B00E5CB3E /* DramaDetailViewController.xib */,
				089759592647E57600E5CB3E /* DramaDetailViewModel.swift */,
				087D2BD0264198620089D5B0 /* Assets.xcassets */,
				087D2BD2264198620089D5B0 /* LaunchScreen.storyboard */,
				087D2BD5264198620089D5B0 /* Info.plist */,
			);
			path = DramaDemo;
			sourceTree = "<group>";
		};
		08AD9DE4264692DE0003138E /* Extensions */ = {
			isa = PBXGroup;
			children = (
				08AD9DE1264692DB0003138E /* Double+Extension.swift */,
				0897595F2647EE2D00E5CB3E /* Int+Extension.swift */,
				08AD9DE626469AED0003138E /* Date+Extension.swift */,
				089759532647D73C00E5CB3E /* String+Extension.swift */,
				089759612647F21500E5CB3E /* DateFormatter+Extension.swift */,
			);
			path = Extensions;
			sourceTree = "<group>";
		};
		08E0CCDD26419CF400AB5A20 /* Model */ = {
			isa = PBXGroup;
			children = (
				08E0CCDA26419CE500AB5A20 /* Drama.swift */,
			);
			path = Model;
			sourceTree = "<group>";
		};
		08E0CCE826419EEE00AB5A20 /* Cell */ = {
			isa = PBXGroup;
			children = (
				08E0CCE026419EDE00AB5A20 /* DramaTableViewCell.swift */,
				08E0CCE126419EDE00AB5A20 /* DramaTableViewCell.xib */,
				08E0CCE526419EE800AB5A20 /* DramaTableViewCellViewModel.swift */,
				0897595B2647E64B00E5CB3E /* DramaDetailHeaderTableViewCell.swift */,
				0897595C2647E64B00E5CB3E /* DramaDetailHeaderTableViewCell.xib */,
			);
			path = Cell;
			sourceTree = "<group>";
		};
		4B665CA2E458F860AD21DD4B /* Pods */ = {
			isa = PBXGroup;
			children = (
				4DC10B0C16AFDBD4DB03DBF8 /* Pods-DramaDemo.debug.xcconfig */,
				4FF4B5D60615410CA6924049 /* Pods-DramaDemo.release.xcconfig */,
			);
			path = Pods;
			sourceTree = "<group>";
		};
		FCA2A18587588E92DB26DF8D /* Frameworks */ = {
			isa = PBXGroup;
			children = (
				D93B6D174C07897E89413A33 /* Pods_DramaDemo.framework */,
			);
			name = Frameworks;
			sourceTree = "<group>";
		};
/* End PBXGroup section */

/* Begin PBXNativeTarget section */
		087D2BC3264198620089D5B0 /* DramaDemo */ = {
			isa = PBXNativeTarget;
			buildConfigurationList = 087D2BD8264198620089D5B0 /* Build configuration list for PBXNativeTarget "DramaDemo" */;
			buildPhases = (
				BD3E30E36F9F157C2F56F1D5 /* [CP] Check Pods Manifest.lock */,
				087D2BC0264198620089D5B0 /* Sources */,
				087D2BC1264198620089D5B0 /* Frameworks */,
				087D2BC2264198620089D5B0 /* Resources */,
				77B401A0542D7DF384338F60 /* [CP] Embed Pods Frameworks */,
			);
			buildRules = (
			);
			dependencies = (
			);
			name = DramaDemo;
			productName = DramaDemo;
			productReference = 087D2BC4264198620089D5B0 /* DramaDemo.app */;
			productType = "com.apple.product-type.application";
		};
/* End PBXNativeTarget section */

/* Begin PBXProject section */
		087D2BBC264198620089D5B0 /* Project object */ = {
			isa = PBXProject;
			attributes = {
				LastSwiftUpdateCheck = 1240;
				LastUpgradeCheck = 1240;
				TargetAttributes = {
					087D2BC3264198620089D5B0 = {
						CreatedOnToolsVersion = 12.4;
					};
				};
			};
			buildConfigurationList = 087D2BBF264198620089D5B0 /* Build configuration list for PBXProject "DramaDemo" */;
			compatibilityVersion = "Xcode 9.3";
			developmentRegion = en;
			hasScannedForEncodings = 0;
			knownRegions = (
				en,
				Base,
			);
			mainGroup = 087D2BBB264198620089D5B0;
			productRefGroup = 087D2BC5264198620089D5B0 /* Products */;
			projectDirPath = "";
			projectRoot = "";
			targets = (
				087D2BC3264198620089D5B0 /* DramaDemo */,
			);
		};
/* End PBXProject section */

/* Begin PBXResourcesBuildPhase section */
		087D2BC2264198620089D5B0 /* Resources */ = {
			isa = PBXResourcesBuildPhase;
			buildActionMask = 2147483647;
			files = (
				087D2BE5264198A70089D5B0 /* DramaListViewController.xib in Resources */,
				087D2BD4264198620089D5B0 /* LaunchScreen.storyboard in Resources */,
				087D2BD1264198620089D5B0 /* Assets.xcassets in Resources */,
				08E0CCE326419EDE00AB5A20 /* DramaTableViewCell.xib in Resources */,
				089759582647E56B00E5CB3E /* DramaDetailViewController.xib in Resources */,
				0897595E2647E64B00E5CB3E /* DramaDetailHeaderTableViewCell.xib in Resources */,
			);
			runOnlyForDeploymentPostprocessing = 0;
		};
/* End PBXResourcesBuildPhase section */

/* Begin PBXShellScriptBuildPhase section */
		77B401A0542D7DF384338F60 /* [CP] Embed Pods Frameworks */ = {
			isa = PBXShellScriptBuildPhase;
			buildActionMask = 2147483647;
			files = (
			);
			inputFileListPaths = (
				"${PODS_ROOT}/Target Support Files/Pods-DramaDemo/Pods-DramaDemo-frameworks-${CONFIGURATION}-input-files.xcfilelist",
			);
			name = "[CP] Embed Pods Frameworks";
			outputFileListPaths = (
				"${PODS_ROOT}/Target Support Files/Pods-DramaDemo/Pods-DramaDemo-frameworks-${CONFIGURATION}-output-files.xcfilelist",
			);
			runOnlyForDeploymentPostprocessing = 0;
			shellPath = /bin/sh;
			shellScript = "\"${PODS_ROOT}/Target Support Files/Pods-DramaDemo/Pods-DramaDemo-frameworks.sh\"\n";
			showEnvVarsInLog = 0;
		};
		BD3E30E36F9F157C2F56F1D5 /* [CP] Check Pods Manifest.lock */ = {
			isa = PBXShellScriptBuildPhase;
			buildActionMask = 2147483647;
			files = (
			);
			inputFileListPaths = (
			);
			inputPaths = (
				"${PODS_PODFILE_DIR_PATH}/Podfile.lock",
				"${PODS_ROOT}/Manifest.lock",
			);
			name = "[CP] Check Pods Manifest.lock";
			outputFileListPaths = (
			);
			outputPaths = (
				"$(DERIVED_FILE_DIR)/Pods-DramaDemo-checkManifestLockResult.txt",
			);
			runOnlyForDeploymentPostprocessing = 0;
			shellPath = /bin/sh;
			shellScript = "diff \"${PODS_PODFILE_DIR_PATH}/Podfile.lock\" \"${PODS_ROOT}/Manifest.lock\" > /dev/null\nif [ $? != 0 ] ; then\n    # print error to STDERR\n    echo \"error: The sandbox is not in sync with the Podfile.lock. Run 'pod install' or update your CocoaPods installation.\" >&2\n    exit 1\nfi\n# This output is used by Xcode 'outputs' to avoid re-running this script phase.\necho \"SUCCESS\" > \"${SCRIPT_OUTPUT_FILE_0}\"\n";
			showEnvVarsInLog = 0;
		};
/* End PBXShellScriptBuildPhase section */

/* Begin PBXSourcesBuildPhase section */
		087D2BC0264198620089D5B0 /* Sources */ = {
			isa = PBXSourcesBuildPhase;
			buildActionMask = 2147483647;
			files = (
				08E0CCDB26419CE500AB5A20 /* Drama.swift in Sources */,
				0897595A2647E57600E5CB3E /* DramaDetailViewModel.swift in Sources */,
				087D2BE4264198A70089D5B0 /* DramaListViewController.swift in Sources */,
				089759602647EE2D00E5CB3E /* Int+Extension.swift in Sources */,
				087D2BE8264198BB0089D5B0 /* DramaListViewModel.swift in Sources */,
				08E0CCE226419EDE00AB5A20 /* DramaTableViewCell.swift in Sources */,
				08AD9DE2264692DB0003138E /* Double+Extension.swift in Sources */,
				08E0CCE626419EE800AB5A20 /* DramaTableViewCellViewModel.swift in Sources */,
				089759622647F21500E5CB3E /* DateFormatter+Extension.swift in Sources */,
				087D2BC8264198620089D5B0 /* AppDelegate.swift in Sources */,
				087D2BCA264198620089D5B0 /* SceneDelegate.swift in Sources */,
				0897595D2647E64B00E5CB3E /* DramaDetailHeaderTableViewCell.swift in Sources */,
				089759542647D73C00E5CB3E /* String+Extension.swift in Sources */,
				089759642648315300E5CB3E /* BaseViewController.swift in Sources */,
				08AD9DE726469AED0003138E /* Date+Extension.swift in Sources */,
				089759572647E56B00E5CB3E /* DramaDetailViewController.swift in Sources */,
			);
			runOnlyForDeploymentPostprocessing = 0;
		};
/* End PBXSourcesBuildPhase section */

/* Begin PBXVariantGroup section */
		087D2BD2264198620089D5B0 /* LaunchScreen.storyboard */ = {
			isa = PBXVariantGroup;
			children = (
				087D2BD3264198620089D5B0 /* Base */,
			);
			name = LaunchScreen.storyboard;
			sourceTree = "<group>";
		};
/* End PBXVariantGroup section */

/* Begin XCBuildConfiguration section */
		087D2BD6264198620089D5B0 /* Debug */ = {
			isa = XCBuildConfiguration;
			buildSettings = {
				ALWAYS_SEARCH_USER_PATHS = NO;
				CLANG_ANALYZER_NONNULL = YES;
				CLANG_ANALYZER_NUMBER_OBJECT_CONVERSION = YES_AGGRESSIVE;
				CLANG_CXX_LANGUAGE_STANDARD = "gnu++14";
				CLANG_CXX_LIBRARY = "libc++";
				CLANG_ENABLE_MODULES = YES;
				CLANG_ENABLE_OBJC_ARC = YES;
				CLANG_ENABLE_OBJC_WEAK = YES;
				CLANG_WARN_BLOCK_CAPTURE_AUTORELEASING = YES;
				CLANG_WARN_BOOL_CONVERSION = YES;
				CLANG_WARN_COMMA = YES;
				CLANG_WARN_CONSTANT_CONVERSION = YES;
				CLANG_WARN_DEPRECATED_OBJC_IMPLEMENTATIONS = YES;
				CLANG_WARN_DIRECT_OBJC_ISA_USAGE = YES_ERROR;
				CLANG_WARN_DOCUMENTATION_COMMENTS = YES;
				CLANG_WARN_EMPTY_BODY = YES;
				CLANG_WARN_ENUM_CONVERSION = YES;
				CLANG_WARN_INFINITE_RECURSION = YES;
				CLANG_WARN_INT_CONVERSION = YES;
				CLANG_WARN_NON_LITERAL_NULL_CONVERSION = YES;
				CLANG_WARN_OBJC_IMPLICIT_RETAIN_SELF = YES;
				CLANG_WARN_OBJC_LITERAL_CONVERSION = YES;
				CLANG_WARN_OBJC_ROOT_CLASS = YES_ERROR;
				CLANG_WARN_QUOTED_INCLUDE_IN_FRAMEWORK_HEADER = YES;
				CLANG_WARN_RANGE_LOOP_ANALYSIS = YES;
				CLANG_WARN_STRICT_PROTOTYPES = YES;
				CLANG_WARN_SUSPICIOUS_MOVE = YES;
				CLANG_WARN_UNGUARDED_AVAILABILITY = YES_AGGRESSIVE;
				CLANG_WARN_UNREACHABLE_CODE = YES;
				CLANG_WARN__DUPLICATE_METHOD_MATCH = YES;
				COPY_PHASE_STRIP = NO;
				DEBUG_INFORMATION_FORMAT = dwarf;
				ENABLE_STRICT_OBJC_MSGSEND = YES;
				ENABLE_TESTABILITY = YES;
				GCC_C_LANGUAGE_STANDARD = gnu11;
				GCC_DYNAMIC_NO_PIC = NO;
				GCC_NO_COMMON_BLOCKS = YES;
				GCC_OPTIMIZATION_LEVEL = 0;
				GCC_PREPROCESSOR_DEFINITIONS = (
					"DEBUG=1",
					"$(inherited)",
				);
				GCC_WARN_64_TO_32_BIT_CONVERSION = YES;
				GCC_WARN_ABOUT_RETURN_TYPE = YES_ERROR;
				GCC_WARN_UNDECLARED_SELECTOR = YES;
				GCC_WARN_UNINITIALIZED_AUTOS = YES_AGGRESSIVE;
				GCC_WARN_UNUSED_FUNCTION = YES;
				GCC_WARN_UNUSED_VARIABLE = YES;
				IPHONEOS_DEPLOYMENT_TARGET = 14.4;
				MTL_ENABLE_DEBUG_INFO = INCLUDE_SOURCE;
				MTL_FAST_MATH = YES;
				ONLY_ACTIVE_ARCH = YES;
				SDKROOT = iphoneos;
				SWIFT_ACTIVE_COMPILATION_CONDITIONS = DEBUG;
				SWIFT_OPTIMIZATION_LEVEL = "-Onone";
			};
			name = Debug;
		};
		087D2BD7264198620089D5B0 /* Release */ = {
			isa = XCBuildConfiguration;
			buildSettings = {
				ALWAYS_SEARCH_USER_PATHS = NO;
				CLANG_ANALYZER_NONNULL = YES;
				CLANG_ANALYZER_NUMBER_OBJECT_CONVERSION = YES_AGGRESSIVE;
				CLANG_CXX_LANGUAGE_STANDARD = "gnu++14";
				CLANG_CXX_LIBRARY = "libc++";
				CLANG_ENABLE_MODULES = YES;
				CLANG_ENABLE_OBJC_ARC = YES;
				CLANG_ENABLE_OBJC_WEAK = YES;
				CLANG_WARN_BLOCK_CAPTURE_AUTORELEASING = YES;
				CLANG_WARN_BOOL_CONVERSION = YES;
				CLANG_WARN_COMMA = YES;
				CLANG_WARN_CONSTANT_CONVERSION = YES;
				CLANG_WARN_DEPRECATED_OBJC_IMPLEMENTATIONS = YES;
				CLANG_WARN_DIRECT_OBJC_ISA_USAGE = YES_ERROR;
				CLANG_WARN_DOCUMENTATION_COMMENTS = YES;
				CLANG_WARN_EMPTY_BODY = YES;
				CLANG_WARN_ENUM_CONVERSION = YES;
				CLANG_WARN_INFINITE_RECURSION = YES;
				CLANG_WARN_INT_CONVERSION = YES;
				CLANG_WARN_NON_LITERAL_NULL_CONVERSION = YES;
				CLANG_WARN_OBJC_IMPLICIT_RETAIN_SELF = YES;
				CLANG_WARN_OBJC_LITERAL_CONVERSION = YES;
				CLANG_WARN_OBJC_ROOT_CLASS = YES_ERROR;
				CLANG_WARN_QUOTED_INCLUDE_IN_FRAMEWORK_HEADER = YES;
				CLANG_WARN_RANGE_LOOP_ANALYSIS = YES;
				CLANG_WARN_STRICT_PROTOTYPES = YES;
				CLANG_WARN_SUSPICIOUS_MOVE = YES;
				CLANG_WARN_UNGUARDED_AVAILABILITY = YES_AGGRESSIVE;
				CLANG_WARN_UNREACHABLE_CODE = YES;
				CLANG_WARN__DUPLICATE_METHOD_MATCH = YES;
				COPY_PHASE_STRIP = NO;
				DEBUG_INFORMATION_FORMAT = "dwarf-with-dsym";
				ENABLE_NS_ASSERTIONS = NO;
				ENABLE_STRICT_OBJC_MSGSEND = YES;
				GCC_C_LANGUAGE_STANDARD = gnu11;
				GCC_NO_COMMON_BLOCKS = YES;
				GCC_WARN_64_TO_32_BIT_CONVERSION = YES;
				GCC_WARN_ABOUT_RETURN_TYPE = YES_ERROR;
				GCC_WARN_UNDECLARED_SELECTOR = YES;
				GCC_WARN_UNINITIALIZED_AUTOS = YES_AGGRESSIVE;
				GCC_WARN_UNUSED_FUNCTION = YES;
				GCC_WARN_UNUSED_VARIABLE = YES;
				IPHONEOS_DEPLOYMENT_TARGET = 14.4;
				MTL_ENABLE_DEBUG_INFO = NO;
				MTL_FAST_MATH = YES;
				SDKROOT = iphoneos;
				SWIFT_COMPILATION_MODE = wholemodule;
				SWIFT_OPTIMIZATION_LEVEL = "-O";
				VALIDATE_PRODUCT = YES;
			};
			name = Release;
		};
		087D2BD9264198620089D5B0 /* Debug */ = {
			isa = XCBuildConfiguration;
			baseConfigurationReference = 4DC10B0C16AFDBD4DB03DBF8 /* Pods-DramaDemo.debug.xcconfig */;
			buildSettings = {
				ASSETCATALOG_COMPILER_APPICON_NAME = AppIcon;
				ASSETCATALOG_COMPILER_GLOBAL_ACCENT_COLOR_NAME = AccentColor;
				CODE_SIGN_STYLE = Automatic;
				DEVELOPMENT_TEAM = 5ZYQ4553WQ;
				INFOPLIST_FILE = DramaDemo/Info.plist;
				LD_RUNPATH_SEARCH_PATHS = (
					"$(inherited)",
					"@executable_path/Frameworks",
				);
				PRODUCT_BUNDLE_IDENTIFIER = com.lautmn.DramaDemo;
				PRODUCT_NAME = "$(TARGET_NAME)";
				SWIFT_VERSION = 5.0;
				TARGETED_DEVICE_FAMILY = "1,2";
			};
			name = Debug;
		};
		087D2BDA264198620089D5B0 /* Release */ = {
			isa = XCBuildConfiguration;
			baseConfigurationReference = 4FF4B5D60615410CA6924049 /* Pods-DramaDemo.release.xcconfig */;
			buildSettings = {
				ASSETCATALOG_COMPILER_APPICON_NAME = AppIcon;
				ASSETCATALOG_COMPILER_GLOBAL_ACCENT_COLOR_NAME = AccentColor;
				CODE_SIGN_STYLE = Automatic;
				DEVELOPMENT_TEAM = 5ZYQ4553WQ;
				INFOPLIST_FILE = DramaDemo/Info.plist;
				LD_RUNPATH_SEARCH_PATHS = (
					"$(inherited)",
					"@executable_path/Frameworks",
				);
				PRODUCT_BUNDLE_IDENTIFIER = com.lautmn.DramaDemo;
				PRODUCT_NAME = "$(TARGET_NAME)";
				SWIFT_VERSION = 5.0;
				TARGETED_DEVICE_FAMILY = "1,2";
			};
			name = Release;
		};
/* End XCBuildConfiguration section */

/* Begin XCConfigurationList section */
		087D2BBF264198620089D5B0 /* Build configuration list for PBXProject "DramaDemo" */ = {
			isa = XCConfigurationList;
			buildConfigurations = (
				087D2BD6264198620089D5B0 /* Debug */,
				087D2BD7264198620089D5B0 /* Release */,
			);
			defaultConfigurationIsVisible = 0;
			defaultConfigurationName = Release;
		};
		087D2BD8264198620089D5B0 /* Build configuration list for PBXNativeTarget "DramaDemo" */ = {
			isa = XCConfigurationList;
			buildConfigurations = (
				087D2BD9264198620089D5B0 /* Debug */,
				087D2BDA264198620089D5B0 /* Release */,
			);
			defaultConfigurationIsVisible = 0;
			defaultConfigurationName = Release;
		};
/* End XCConfigurationList section */
	};
	rootObject = 087D2BBC264198620089D5B0 /* Project object */;
}
